// !$*UTF8*$!
{
	archiveVersion = 1;
	classes = {
	};
	objectVersion = 46;
	objects = {

/* Begin PBXBuildFile section */
		98ED59A41B9C988F001186D8 /* main.m in Sources */ = {isa = PBXBuildFile; fileRef = 98ED59A31B9C988F001186D8 /* main.m */; };
		98ED59A71B9C988F001186D8 /* AppDelegate.m in Sources */ = {isa = PBXBuildFile; fileRef = 98ED59A61B9C988F001186D8 /* AppDelegate.m */; };
		98ED59AA1B9C988F001186D8 /* newsApp.xcdatamodeld in Sources */ = {isa = PBXBuildFile; fileRef = 98ED59A81B9C988F001186D8 /* newsApp.xcdatamodeld */; };
		98ED59AD1B9C988F001186D8 /* ViewController.m in Sources */ = {isa = PBXBuildFile; fileRef = 98ED59AC1B9C988F001186D8 /* ViewController.m */; };
		98ED59B21B9C988F001186D8 /* Images.xcassets in Resources */ = {isa = PBXBuildFile; fileRef = 98ED59B11B9C988F001186D8 /* Images.xcassets */; };
		98ED59B51B9C988F001186D8 /* LaunchScreen.xib in Resources */ = {isa = PBXBuildFile; fileRef = 98ED59B31B9C988F001186D8 /* LaunchScreen.xib */; };
		98ED59C11B9C988F001186D8 /* newsAppTests.m in Sources */ = {isa = PBXBuildFile; fileRef = 98ED59C01B9C988F001186D8 /* newsAppTests.m */; };
/* End PBXBuildFile section */

/* Begin PBXContainerItemProxy section */
		98ED59BB1B9C988F001186D8 /* PBXContainerItemProxy */ = {
			isa = PBXContainerItemProxy;
			containerPortal = 98ED59961B9C988E001186D8 /* Project object */;
			proxyType = 1;
			remoteGlobalIDString = 98ED599D1B9C988E001186D8;
			remoteInfo = newsApp;
		};
/* End PBXContainerItemProxy section */

/* Begin PBXFileReference section */
		98ED599E1B9C988E001186D8 /* newsApp.app */ = {isa = PBXFileReference; explicitFileType = wrapper.application; includeInIndex = 0; path = newsApp.app; sourceTree = BUILT_PRODUCTS_DIR; };
		98ED59A21B9C988F001186D8 /* Info.plist */ = {isa = PBXFileReference; lastKnownFileType = text.plist.xml; path = Info.plist; sourceTree = "<group>"; };
		98ED59A31B9C988F001186D8 /* main.m */ = {isa = PBXFileReference; lastKnownFileType = sourcecode.c.objc; path = main.m; sourceTree = "<group>"; };
		98ED59A51B9C988F001186D8 /* AppDelegate.h */ = {isa = PBXFileReference; lastKnownFileType = sourcecode.c.h; path = AppDelegate.h; sourceTree = "<group>"; };
		98ED59A61B9C988F001186D8 /* AppDelegate.m */ = {isa = PBXFileReference; lastKnownFileType = sourcecode.c.objc; path = AppDelegate.m; sourceTree = "<group>"; };
		98ED59A91B9C988F001186D8 /* newsApp.xcdatamodel */ = {isa = PBXFileReference; lastKnownFileType = wrapper.xcdatamodel; path = newsApp.xcdatamodel; sourceTree = "<group>"; };
		98ED59AB1B9C988F001186D8 /* ViewController.h */ = {isa = PBXFileReference; lastKnownFileType = sourcecode.c.h; path = ViewController.h; sourceTree = "<group>"; };
		98ED59AC1B9C988F001186D8 /* ViewController.m */ = {isa = PBXFileReference; lastKnownFileType = sourcecode.c.objc; path = ViewController.m; sourceTree = "<group>"; };
		98ED59B11B9C988F001186D8 /* Images.xcassets */ = {isa = PBXFileReference; lastKnownFileType = folder.assetcatalog; path = Images.xcassets; sourceTree = "<group>"; };
		98ED59B41B9C988F001186D8 /* Base */ = {isa = PBXFileReference; lastKnownFileType = file.xib; name = Base; path = Base.lproj/LaunchScreen.xib; sourceTree = "<group>"; };
		98ED59BA1B9C988F001186D8 /* newsAppTests.xctest */ = {isa = PBXFileReference; explicitFileType = wrapper.cfbundle; includeInIndex = 0; path = newsAppTests.xctest; sourceTree = BUILT_PRODUCTS_DIR; };
		98ED59BF1B9C988F001186D8 /* Info.plist */ = {isa = PBXFileReference; lastKnownFileType = text.plist.xml; path = Info.plist; sourceTree = "<group>"; };
		98ED59C01B9C988F001186D8 /* newsAppTests.m */ = {isa = PBXFileReference; lastKnownFileType = sourcecode.c.objc; path = newsAppTests.m; sourceTree = "<group>"; };
/* End PBXFileReference section */

/* Begin PBXFrameworksBuildPhase section */
		98ED599B1B9C988E001186D8 /* Frameworks */ = {
			isa = PBXFrameworksBuildPhase;
			buildActionMask = 2147483647;
			files = (
			);
			runOnlyForDeploymentPostprocessing = 0;
		};
		98ED59B71B9C988F001186D8 /* Frameworks */ = {
			isa = PBXFrameworksBuildPhase;
			buildActionMask = 2147483647;
			files = (
			);
			runOnlyForDeploymentPostprocessing = 0;
		};
/* End PBXFrameworksBuildPhase section */

/* Begin PBXGroup section */
		98ED59951B9C988E001186D8 = {
			isa = PBXGroup;
			children = (
				98ED59A01B9C988E001186D8 /* newsApp */,
				98ED59BD1B9C988F001186D8 /* newsAppTests */,
				98ED599F1B9C988E001186D8 /* Products */,
			);
			sourceTree = "<group>";
		};
		98ED599F1B9C988E001186D8 /* Products */ = {
			isa = PBXGroup;
			children = (
				98ED599E1B9C988E001186D8 /* newsApp.app */,
				98ED59BA1B9C988F001186D8 /* newsAppTests.xctest */,
			);
			name = Products;
			sourceTree = "<group>";
		};
		98ED59A01B9C988E001186D8 /* newsApp */ = {
			isa = PBXGroup;
			children = (
				98ED59A51B9C988F001186D8 /* AppDelegate.h */,
				98ED59A61B9C988F001186D8 /* AppDelegate.m */,
				98ED59AB1B9C988F001186D8 /* ViewController.h */,
				98ED59AC1B9C988F001186D8 /* ViewController.m */,
				98ED59B11B9C988F001186D8 /* Images.xcassets */,
				98ED59B31B9C988F001186D8 /* LaunchScreen.xib */,
				98ED59A81B9C988F001186D8 /* newsApp.xcdatamodeld */,
				98ED59A11B9C988F001186D8 /* Supporting Files */,
			);
			path = newsApp;
			sourceTree = "<group>";
		};
		98ED59A11B9C988F001186D8 /* Supporting Files */ = {
			isa = PBXGroup;
			children = (
				98ED59A21B9C988F001186D8 /* Info.plist */,
				98ED59A31B9C988F001186D8 /* main.m */,
			);
			name = "Supporting Files";
			sourceTree = "<group>";
		};
		98ED59BD1B9C988F001186D8 /* newsAppTests */ = {
			isa = PBXGroup;
			children = (
				98ED59C01B9C988F001186D8 /* newsAppTests.m */,
				98ED59BE1B9C988F001186D8 /* Supporting Files */,
			);
			path = newsAppTests;
			sourceTree = "<group>";
		};
		98ED59BE1B9C988F001186D8 /* Supporting Files */ = {
			isa = PBXGroup;
			children = (
				98ED59BF1B9C988F001186D8 /* Info.plist */,
			);
			name = "Supporting Files";
			sourceTree = "<group>";
		};
/* End PBXGroup section */

/* Begin PBXNativeTarget section */
		98ED599D1B9C988E001186D8 /* newsApp */ = {
			isa = PBXNativeTarget;
			buildConfigurationList = 98ED59C41B9C988F001186D8 /* Build configuration list for PBXNativeTarget "newsApp" */;
			buildPhases = (
				98ED599A1B9C988E001186D8 /* Sources */,
				98ED599B1B9C988E001186D8 /* Frameworks */,
				98ED599C1B9C988E001186D8 /* Resources */,
			);
			buildRules = (
			);
			dependencies = (
			);
			name = newsApp;
			productName = newsApp;
			productReference = 98ED599E1B9C988E001186D8 /* newsApp.app */;
			productType = "com.apple.product-type.application";
		};
		98ED59B91B9C988F001186D8 /* newsAppTests */ = {
			isa = PBXNativeTarget;
			buildConfigurationList = 98ED59C71B9C988F001186D8 /* Build configuration list for PBXNativeTarget "newsAppTests" */;
			buildPhases = (
				98ED59B61B9C988F001186D8 /* Sources */,
				98ED59B71B9C988F001186D8 /* Frameworks */,
				98ED59B81B9C988F001186D8 /* Resources */,
			);
			buildRules = (
			);
			dependencies = (
				98ED59BC1B9C988F001186D8 /* PBXTargetDependency */,
			);
			name = newsAppTests;
			productName = newsAppTests;
			productReference = 98ED59BA1B9C988F001186D8 /* newsAppTests.xctest */;
			productType = "com.apple.product-type.bundle.unit-test";
		};
/* End PBXNativeTarget section */

/* Begin PBXProject section */
		98ED59961B9C988E001186D8 /* Project object */ = {
			isa = PBXProject;
			attributes = {
				LastUpgradeCheck = 0640;
				ORGANIZATIONNAME = "Calvin Gonçalves de Aquino";
				TargetAttributes = {
					98ED599D1B9C988E001186D8 = {
						CreatedOnToolsVersion = 6.4;
					};
					98ED59B91B9C988F001186D8 = {
						CreatedOnToolsVersion = 6.4;
						TestTargetID = 98ED599D1B9C988E001186D8;
					};
				};
			};
			buildConfigurationList = 98ED59991B9C988E001186D8 /* Build configuration list for PBXProject "newsApp" */;
			compatibilityVersion = "Xcode 3.2";
			developmentRegion = English;
			hasScannedForEncodings = 0;
			knownRegions = (
				en,
				Base,
			);
			mainGroup = 98ED59951B9C988E001186D8;
			productRefGroup = 98ED599F1B9C988E001186D8 /* Products */;
			projectDirPath = "";
			projectRoot = "";
			targets = (
				98ED599D1B9C988E001186D8 /* newsApp */,
				98ED59B91B9C988F001186D8 /* newsAppTests */,
			);
		};
/* End PBXProject section */

/* Begin PBXResourcesBuildPhase section */
		98ED599C1B9C988E001186D8 /* Resources */ = {
			isa = PBXResourcesBuildPhase;
			buildActionMask = 2147483647;
			files = (
				98ED59B51B9C988F001186D8 /* LaunchScreen.xib in Resources */,
				98ED59B21B9C988F001186D8 /* Images.xcassets in Resources */,
			);
			runOnlyForDeploymentPostprocessing = 0;
		};
		98ED59B81B9C988F001186D8 /* Resources */ = {
			isa = PBXResourcesBuildPhase;
			buildActionMask = 2147483647;
			files = (
			);
			runOnlyForDeploymentPostprocessing = 0;
		};
/* End PBXResourcesBuildPhase section */

/* Begin PBXSourcesBuildPhase section */
		98ED599A1B9C988E001186D8 /* Sources */ = {
			isa = PBXSourcesBuildPhase;
			buildActionMask = 2147483647;
			files = (
				98ED59A71B9C988F001186D8 /* AppDelegate.m in Sources */,
				98ED59AA1B9C988F001186D8 /* newsApp.xcdatamodeld in Sources */,
				98ED59AD1B9C988F001186D8 /* ViewController.m in Sources */,
				98ED59A41B9C988F001186D8 /* main.m in Sources */,
			);
			runOnlyForDeploymentPostprocessing = 0;
		};
		98ED59B61B9C988F001186D8 /* Sources */ = {
			isa = PBXSourcesBuildPhase;
			buildActionMask = 2147483647;
			files = (
				98ED59C11B9C988F001186D8 /* newsAppTests.m in Sources */,
			);
			runOnlyForDeploymentPostprocessing = 0;
		};
/* End PBXSourcesBuildPhase section */

/* Begin PBXTargetDependency section */
		98ED59BC1B9C988F001186D8 /* PBXTargetDependency */ = {
			isa = PBXTargetDependency;
			target = 98ED599D1B9C988E001186D8 /* newsApp */;
			targetProxy = 98ED59BB1B9C988F001186D8 /* PBXContainerItemProxy */;
		};
/* End PBXTargetDependency section */

/* Begin PBXVariantGroup section */
		98ED59B31B9C988F001186D8 /* LaunchScreen.xib */ = {
			isa = PBXVariantGroup;
			children = (
				98ED59B41B9C988F001186D8 /* Base */,
			);
			name = LaunchScreen.xib;
			sourceTree = "<group>";
		};
/* End PBXVariantGroup section */

/* Begin XCBuildConfiguration section */
		98ED59C21B9C988F001186D8 /* Debug */ = {
			isa = XCBuildConfiguration;
			buildSettings = {
				ALWAYS_SEARCH_USER_PATHS = NO;
				CLANG_CXX_LANGUAGE_STANDARD = "gnu++0x";
				CLANG_CXX_LIBRARY = "libc++";
				CLANG_ENABLE_MODULES = YES;
				CLANG_ENABLE_OBJC_ARC = YES;
				CLANG_WARN_BOOL_CONVERSION = YES;
				CLANG_WARN_CONSTANT_CONVERSION = YES;
				CLANG_WARN_DIRECT_OBJC_ISA_USAGE = YES_ERROR;
				CLANG_WARN_EMPTY_BODY = YES;
				CLANG_WARN_ENUM_CONVERSION = YES;
				CLANG_WARN_INT_CONVERSION = YES;
				CLANG_WARN_OBJC_ROOT_CLASS = YES_ERROR;
				CLANG_WARN_UNREACHABLE_CODE = YES;
				CLANG_WARN__DUPLICATE_METHOD_MATCH = YES;
				"CODE_SIGN_IDENTITY[sdk=iphoneos*]" = "iPhone Developer";
				COPY_PHASE_STRIP = NO;
				DEBUG_INFORMATION_FORMAT = "dwarf-with-dsym";
				ENABLE_STRICT_OBJC_MSGSEND = YES;
				GCC_C_LANGUAGE_STANDARD = gnu99;
				GCC_DYNAMIC_NO_PIC = NO;
				GCC_NO_COMMON_BLOCKS = YES;
				GCC_OPTIMIZATION_LEVEL = 0;
				GCC_PREPROCESSOR_DEFINITIONS = (
					"DEBUG=1",
					"$(inherited)",
				);
				GCC_SYMBOLS_PRIVATE_EXTERN = NO;
				GCC_WARN_64_TO_32_BIT_CONVERSION = YES;
				GCC_WARN_ABOUT_RETURN_TYPE = YES_ERROR;
				GCC_WARN_UNDECLARED_SELECTOR = YES;
				GCC_WARN_UNINITIALIZED_AUTOS = YES_AGGRESSIVE;
				GCC_WARN_UNUSED_FUNCTION = YES;
				GCC_WARN_UNUSED_VARIABLE = YES;
				IPHONEOS_DEPLOYMENT_TARGET = 8.4;
				MTL_ENABLE_DEBUG_INFO = YES;
				ONLY_ACTIVE_ARCH = YES;
				SDKROOT = iphoneos;
				TARGETED_DEVICE_FAMILY = "1,2";
			};
			name = Debug;
		};
		98ED59C31B9C988F001186D8 /* Release */ = {
			isa = XCBuildConfiguration;
			buildSettings = {
				ALWAYS_SEARCH_USER_PATHS = NO;
				CLANG_CXX_LANGUAGE_STANDARD = "gnu++0x";
				CLANG_CXX_LIBRARY = "libc++";
				CLANG_ENABLE_MODULES = YES;
				CLANG_ENABLE_OBJC_ARC = YES;
				CLANG_WARN_BOOL_CONVERSION = YES;
				CLANG_WARN_CONSTANT_CONVERSION = YES;
				CLANG_WARN_DIRECT_OBJC_ISA_USAGE = YES_ERROR;
				CLANG_WARN_EMPTY_BODY = YES;
				CLANG_WARN_ENUM_CONVERSION = YES;
				CLANG_WARN_INT_CONVERSION = YES;
				CLANG_WARN_OBJC_ROOT_CLASS = YES_ERROR;
				CLANG_WARN_UNREACHABLE_CODE = YES;
				CLANG_WARN__DUPLICATE_METHOD_MATCH = YES;
				"CODE_SIGN_IDENTITY[sdk=iphoneos*]" = "iPhone Developer";
				COPY_PHASE_STRIP = NO;
				DEBUG_INFORMATION_FORMAT = "dwarf-with-dsym";
				ENABLE_NS_ASSERTIONS = NO;
				ENABLE_STRICT_OBJC_MSGSEND = YES;
				GCC_C_LANGUAGE_STANDARD = gnu99;
				GCC_NO_COMMON_BLOCKS = YES;
				GCC_WARN_64_TO_32_BIT_CONVERSION = YES;
				GCC_WARN_ABOUT_RETURN_TYPE = YES_ERROR;
				GCC_WARN_UNDECLARED_SELECTOR = YES;
				GCC_WARN_UNINITIALIZED_AUTOS = YES_AGGRESSIVE;
				GCC_WARN_UNUSED_FUNCTION = YES;
				GCC_WARN_UNUSED_VARIABLE = YES;
				IPHONEOS_DEPLOYMENT_TARGET = 8.4;
				MTL_ENABLE_DEBUG_INFO = NO;
				SDKROOT = iphoneos;
				TARGETED_DEVICE_FAMILY = "1,2";
				VALIDATE_PRODUCT = YES;
			};
			name = Release;
		};
		98ED59C51B9C988F001186D8 /* Debug */ = {
			isa = XCBuildConfiguration;
			buildSettings = {
				ASSETCATALOG_COMPILER_APPICON_NAME = AppIcon;
				INFOPLIST_FILE = newsApp/Info.plist;
				LD_RUNPATH_SEARCH_PATHS = "$(inherited) @executable_path/Frameworks";
				PRODUCT_NAME = "$(TARGET_NAME)";
			};
			name = Debug;
		};
		98ED59C61B9C988F001186D8 /* Release */ = {
			isa = XCBuildConfiguration;
			buildSettings = {
				ASSETCATALOG_COMPILER_APPICON_NAME = AppIcon;
				INFOPLIST_FILE = newsApp/Info.plist;
				LD_RUNPATH_SEARCH_PATHS = "$(inherited) @executable_path/Frameworks";
				PRODUCT_NAME = "$(TARGET_NAME)";
			};
			name = Release;
		};
		98ED59C81B9C988F001186D8 /* Debug */ = {
			isa = XCBuildConfiguration;
			buildSettings = {
				BUNDLE_LOADER = "$(TEST_HOST)";
				FRAMEWORK_SEARCH_PATHS = (
					"$(SDKROOT)/Developer/Library/Frameworks",
					"$(inherited)",
				);
				GCC_PREPROCESSOR_DEFINITIONS = (
					"DEBUG=1",
					"$(inherited)",
				);
				INFOPLIST_FILE = newsAppTests/Info.plist;
				LD_RUNPATH_SEARCH_PATHS = "$(inherited) @executable_path/Frameworks @loader_path/Frameworks";
				PRODUCT_NAME = "$(TARGET_NAME)";
				TEST_HOST = "$(BUILT_PRODUCTS_DIR)/newsApp.app/newsApp";
			};
			name = Debug;
		};
		98ED59C91B9C988F001186D8 /* Release */ = {
			isa = XCBuildConfiguration;
			buildSettings = {
				BUNDLE_LOADER = "$(TEST_HOST)";
				FRAMEWORK_SEARCH_PATHS = (
					"$(SDKROOT)/Developer/Library/Frameworks",
					"$(inherited)",
				);
				INFOPLIST_FILE = newsAppTests/Info.plist;
				LD_RUNPATH_SEARCH_PATHS = "$(inherited) @executable_path/Frameworks @loader_path/Frameworks";
				PRODUCT_NAME = "$(TARGET_NAME)";
				TEST_HOST = "$(BUILT_PRODUCTS_DIR)/newsApp.app/newsApp";
			};
			name = Release;
		};
/* End XCBuildConfiguration section */

/* Begin XCConfigurationList section */
		98ED59991B9C988E001186D8 /* Build configuration list for PBXProject "newsApp" */ = {
			isa = XCConfigurationList;
			buildConfigurations = (
				98ED59C21B9C988F001186D8 /* Debug */,
				98ED59C31B9C988F001186D8 /* Release */,
			);
			defaultConfigurationIsVisible = 0;
			defaultConfigurationName = Release;
		};
		98ED59C41B9C988F001186D8 /* Build configuration list for PBXNativeTarget "newsApp" */ = {
			isa = XCConfigurationList;
			buildConfigurations = (
				98ED59C51B9C988F001186D8 /* Debug */,
				98ED59C61B9C988F001186D8 /* Release */,
			);
			defaultConfigurationIsVisible = 0;
		};
		98ED59C71B9C988F001186D8 /* Build configuration list for PBXNativeTarget "newsAppTests" */ = {
			isa = XCConfigurationList;
			buildConfigurations = (
				98ED59C81B9C988F001186D8 /* Debug */,
				98ED59C91B9C988F001186D8 /* Release */,
			);
			defaultConfigurationIsVisible = 0;
		};
/* End XCConfigurationList section */

/* Begin XCVersionGroup section */
		98ED59A81B9C988F001186D8 /* newsApp.xcdatamodeld */ = {
			isa = XCVersionGroup;
			children = (
				98ED59A91B9C988F001186D8 /* newsApp.xcdatamodel */,
			);
			currentVersion = 98ED59A91B9C988F001186D8 /* newsApp.xcdatamodel */;
			path = newsApp.xcdatamodeld;
			sourceTree = "<group>";
			versionGroupType = wrapper.xcdatamodel;
		};
/* End XCVersionGroup section */
	};
	rootObject = 98ED59961B9C988E001186D8 /* Project object */;
}
